
Microsoft Visual Studio Solution File, Format Version 12.00
# Visual Studio Version 17
VisualStudioVersion = 17.0.31903.59
MinimumVisualStudioVersion = 10.0.40219.1
Project("{2150E333-8FDC-42A3-9474-1A3956D46DE8}") = "src", "src", "{827E0CD3-B72D-47B6-A68D-7590B98EB39B}"
EndProject
Project("{FAE04EC0-301F-11D3-BF4B-00C04F79EFBC}") = "ExampleMod", "src\ExampleMod\ExampleMod.csproj", "{241D53ED-D786-455F-9C42-081F7B1212A5}"
EndProject
Project("{FAE04EC0-301F-11D3-BF4B-00C04F79EFBC}") = "Unhindered", "src\Unhindered\Unhindered.csproj", "{046C24BE-D371-4194-979C-282A09BA32B2}"
EndProject
Project("{FAE04EC0-301F-11D3-BF4B-00C04F79EFBC}") = "Feint", "src\Feint\Feint.csproj", "{63D9A52A-0678-4E2D-B014-86A3705CE4C8}"
EndProject
Project("{FAE04EC0-301F-11D3-BF4B-00C04F79EFBC}") = "TestTools", "src\TestTools\TestTools.csproj", "{0CC9E07E-4AA3-4CA6-A8BC-5B3BCE8106A3}"
EndProject
Global
	GlobalSection(SolutionConfigurationPlatforms) = preSolution
		Debug|Any CPU = Debug|Any CPU
		Debug|x64 = Debug|x64
		Debug|x86 = Debug|x86
		Release|Any CPU = Release|Any CPU
		Release|x64 = Release|x64
		Release|x86 = Release|x86
	EndGlobalSection
	GlobalSection(ProjectConfigurationPlatforms) = postSolution
		{241D53ED-D786-455F-9C42-081F7B1212A5}.Debug|Any CPU.ActiveCfg = Debug|Any CPU
		{241D53ED-D786-455F-9C42-081F7B1212A5}.Debug|Any CPU.Build.0 = Debug|Any CPU
		{241D53ED-D786-455F-9C42-081F7B1212A5}.Debug|x64.ActiveCfg = Debug|Any CPU
		{241D53ED-D786-455F-9C42-081F7B1212A5}.Debug|x64.Build.0 = Debug|Any CPU
		{241D53ED-D786-455F-9C42-081F7B1212A5}.Debug|x86.ActiveCfg = Debug|Any CPU
		{241D53ED-D786-455F-9C42-081F7B1212A5}.Debug|x86.Build.0 = Debug|Any CPU
		{241D53ED-D786-455F-9C42-081F7B1212A5}.Release|Any CPU.ActiveCfg = Release|Any CPU
		{241D53ED-D786-455F-9C42-081F7B1212A5}.Release|Any CPU.Build.0 = Release|Any CPU
		{241D53ED-D786-455F-9C42-081F7B1212A5}.Release|x64.ActiveCfg = Release|Any CPU
		{241D53ED-D786-455F-9C42-081F7B1212A5}.Release|x64.Build.0 = Release|Any CPU
		{241D53ED-D786-455F-9C42-081F7B1212A5}.Release|x86.ActiveCfg = Release|Any CPU
		{241D53ED-D786-455F-9C42-081F7B1212A5}.Release|x86.Build.0 = Release|Any CPU
		{046C24BE-D371-4194-979C-282A09BA32B2}.Debug|Any CPU.ActiveCfg = Debug|Any CPU
		{046C24BE-D371-4194-979C-282A09BA32B2}.Debug|Any CPU.Build.0 = Debug|Any CPU
		{046C24BE-D371-4194-979C-282A09BA32B2}.Debug|x64.ActiveCfg = Debug|Any CPU
		{046C24BE-D371-4194-979C-282A09BA32B2}.Debug|x64.Build.0 = Debug|Any CPU
		{046C24BE-D371-4194-979C-282A09BA32B2}.Debug|x86.ActiveCfg = Debug|Any CPU
		{046C24BE-D371-4194-979C-282A09BA32B2}.Debug|x86.Build.0 = Debug|Any CPU
		{046C24BE-D371-4194-979C-282A09BA32B2}.Release|Any CPU.ActiveCfg = Release|Any CPU
		{046C24BE-D371-4194-979C-282A09BA32B2}.Release|Any CPU.Build.0 = Release|Any CPU
		{046C24BE-D371-4194-979C-282A09BA32B2}.Release|x64.ActiveCfg = Release|Any CPU
		{046C24BE-D371-4194-979C-282A09BA32B2}.Release|x64.Build.0 = Release|Any CPU
		{046C24BE-D371-4194-979C-282A09BA32B2}.Release|x86.ActiveCfg = Release|Any CPU
		{046C24BE-D371-4194-979C-282A09BA32B2}.Release|x86.Build.0 = Release|Any CPU
		{63D9A52A-0678-4E2D-B014-86A3705CE4C8}.Debug|Any CPU.ActiveCfg = Debug|Any CPU
		{63D9A52A-0678-4E2D-B014-86A3705CE4C8}.Debug|Any CPU.Build.0 = Debug|Any CPU
		{63D9A52A-0678-4E2D-B014-86A3705CE4C8}.Debug|x64.ActiveCfg = Debug|Any CPU
		{63D9A52A-0678-4E2D-B014-86A3705CE4C8}.Debug|x64.Build.0 = Debug|Any CPU
		{63D9A52A-0678-4E2D-B014-86A3705CE4C8}.Debug|x86.ActiveCfg = Debug|Any CPU
		{63D9A52A-0678-4E2D-B014-86A3705CE4C8}.Debug|x86.Build.0 = Debug|Any CPU
		{63D9A52A-0678-4E2D-B014-86A3705CE4C8}.Release|Any CPU.ActiveCfg = Release|Any CPU
		{63D9A52A-0678-4E2D-B014-86A3705CE4C8}.Release|Any CPU.Build.0 = Release|Any CPU
		{63D9A52A-0678-4E2D-B014-86A3705CE4C8}.Release|x64.ActiveCfg = Release|Any CPU
		{63D9A52A-0678-4E2D-B014-86A3705CE4C8}.Release|x64.Build.0 = Release|Any CPU
		{63D9A52A-0678-4E2D-B014-86A3705CE4C8}.Release|x86.ActiveCfg = Release|Any CPU
		{63D9A52A-0678-4E2D-B014-86A3705CE4C8}.Release|x86.Build.0 = Release|Any CPU
		{0CC9E07E-4AA3-4CA6-A8BC-5B3BCE8106A3}.Debug|Any CPU.ActiveCfg = Debug|Any CPU
		{0CC9E07E-4AA3-4CA6-A8BC-5B3BCE8106A3}.Debug|Any CPU.Build.0 = Debug|Any CPU
		{0CC9E07E-4AA3-4CA6-A8BC-5B3BCE8106A3}.Debug|x64.ActiveCfg = Debug|Any CPU
		{0CC9E07E-4AA3-4CA6-A8BC-5B3BCE8106A3}.Debug|x64.Build.0 = Debug|Any CPU
		{0CC9E07E-4AA3-4CA6-A8BC-5B3BCE8106A3}.Debug|x86.ActiveCfg = Debug|Any CPU
		{0CC9E07E-4AA3-4CA6-A8BC-5B3BCE8106A3}.Debug|x86.Build.0 = Debug|Any CPU
		{0CC9E07E-4AA3-4CA6-A8BC-5B3BCE8106A3}.Release|Any CPU.ActiveCfg = Release|Any CPU
		{0CC9E07E-4AA3-4CA6-A8BC-5B3BCE8106A3}.Release|Any CPU.Build.0 = Release|Any CPU
		{0CC9E07E-4AA3-4CA6-A8BC-5B3BCE8106A3}.Release|x64.ActiveCfg = Release|Any CPU
		{0CC9E07E-4AA3-4CA6-A8BC-5B3BCE8106A3}.Release|x64.Build.0 = Release|Any CPU
		{0CC9E07E-4AA3-4CA6-A8BC-5B3BCE8106A3}.Release|x86.ActiveCfg = Release|Any CPU
		{0CC9E07E-4AA3-4CA6-A8BC-5B3BCE8106A3}.Release|x86.Build.0 = Release|Any CPU
	EndGlobalSection
	GlobalSection(SolutionProperties) = preSolution
		HideSolutionNode = FALSE
	EndGlobalSection
	GlobalSection(NestedProjects) = preSolution
		{241D53ED-D786-455F-9C42-081F7B1212A5} = {827E0CD3-B72D-47B6-A68D-7590B98EB39B}
		{046C24BE-D371-4194-979C-282A09BA32B2} = {827E0CD3-B72D-47B6-A68D-7590B98EB39B}
		{63D9A52A-0678-4E2D-B014-86A3705CE4C8} = {827E0CD3-B72D-47B6-A68D-7590B98EB39B}
		{0CC9E07E-4AA3-4CA6-A8BC-5B3BCE8106A3} = {827E0CD3-B72D-47B6-A68D-7590B98EB39B}
	EndGlobalSection
EndGlobal
